
Microsoft Visual Studio Solution File, Format Version 11.00
# Visual Studio 2010
Project("{FAE04EC0-301F-11D3-BF4B-00C04F79EFBC}") = "Assembly-CSharp", "Assembly-CSharp.csproj", "{c19567f0-9701-7cbe-4f3e-968e86ffae1a}"
EndProject
Project("{FAE04EC0-301F-11D3-BF4B-00C04F79EFBC}") = "Assembly-CSharp-Editor-firstpass", "Assembly-CSharp-Editor-firstpass.csproj", "{f7229cc7-14ad-77e6-b0b2-0eaf5be3da52}"
EndProject
Global
	GlobalSection(SolutionConfigurationPlatforms) = preSolution
		Debug|Any CPU = Debug|Any CPU
	EndGlobalSection
	GlobalSection(ProjectConfigurationPlatforms) = postSolution
		{c19567f0-9701-7cbe-4f3e-968e86ffae1a}.Debug|Any CPU.ActiveCfg = Debug|Any CPU
		{c19567f0-9701-7cbe-4f3e-968e86ffae1a}.Debug|Any CPU.Build.0 = Debug|Any CPU
		{f7229cc7-14ad-77e6-b0b2-0eaf5be3da52}.Debug|Any CPU.ActiveCfg = Debug|Any CPU
		{f7229cc7-14ad-77e6-b0b2-0eaf5be3da52}.Debug|Any CPU.Build.0 = Debug|Any CPU
	EndGlobalSection
	GlobalSection(SolutionProperties) = preSolution
		HideSolutionNode = FALSE
	EndGlobalSection
EndGlobal
